# Exact versions of the stack that produced every result in this repo.
# Captured from the working machine on 26 August 2026.
#
# Round 2 finding 11: the setup scripts resolved "newest v1.15.*" and tracked
# moving release/1.15 branches, with a fallback to main. A fresh install on
# 26 September could therefore build a different stack from the one the evidence
# came off, and the submission would be claiming results for software nobody
# ran. These are commit SHAs, not branch names, for exactly that reason.
#
# verify.sh compares against this file. To move a pin deliberately, change it
# here, rerun the install, rerun every scenario, and commit the new numbers with
# the results they produced. Never edit this to make a check pass.

ubuntu_version=22.04
kernel=6.6.87.2-microsoft-standard-WSL2

ros_distro=humble
ros_core_version=0.10.0-1jammy.20260726.123022

gazebo_package=gazebo
gazebo_version=11.10.2+dfsg-1

px4_tag=v1.15.4
px4_sha=99c40407ffd7ac184e2d7b4b293f36f10fe561ef

xrce_agent_tag=v2.4.3
xrce_agent_sha=73622810d984349b80bbac0ef55fc0b694d62222

px4_msgs_branch=release/1.15
px4_msgs_sha=a1045ec4feb6d709bdecaf3895f1d5b43a5dabb8

px4_ros_com_branch=release/1.15
px4_ros_com_sha=86e9aeb20e55a4673fa8a9f1c29ea06a6c5ad1af
